
Microsoft Visual Studio Solution File, Format Version 12.00
# Visual Studio Version 17
VisualStudioVersion = 17.0.31903.59
MinimumVisualStudioVersion = 10.0.40219.1
Project("{2150E333-8FDC-42A3-9474-1A3956D46DE8}") = "Lab1", "Lab1", "{D67E91EF-C9B4-4806-B0CB-F39E7CD49363}"
EndProject
Project("{FAE04EC0-301F-11D3-BF4B-00C04F79EFBC}") = "App", "Lab1\App\App.csproj", "{712291AF-F4C7-40AB-B095-9A3EFA2524F4}"
EndProject
Project("{FAE04EC0-301F-11D3-BF4B-00C04F79EFBC}") = "Tests", "Lab1\Tests\Tests.csproj", "{65F39D17-8274-42C7-B4B9-9F0F7F519358}"
EndProject
Project("{2150E333-8FDC-42A3-9474-1A3956D46DE8}") = "Lab2", "Lab2", "{F0123E5A-649C-4DF1-9C95-4FDA47E6D9E1}"
EndProject
Project("{FAE04EC0-301F-11D3-BF4B-00C04F79EFBC}") = "App", "Lab2\App\App.csproj", "{6C1AF0DE-B622-41D0-B9EF-3A142EBADD4C}"
EndProject
Project("{FAE04EC0-301F-11D3-BF4B-00C04F79EFBC}") = "Tests", "Lab2\Tests\Tests.csproj", "{AF2402AE-E71B-4980-A66A-FD3CCC77AA41}"
EndProject
Project("{2150E333-8FDC-42A3-9474-1A3956D46DE8}") = "Lab3", "Lab3", "{46ABCCD3-B7FF-4EFA-8383-AE68F36F9226}"
EndProject
Project("{FAE04EC0-301F-11D3-BF4B-00C04F79EFBC}") = "App", "Lab3\App\App.csproj", "{7A4F7801-61E7-4F31-BE2B-F3B97233CAB4}"
EndProject
Project("{FAE04EC0-301F-11D3-BF4B-00C04F79EFBC}") = "Tests", "Lab3\Tests\Tests.csproj", "{65717938-64FF-4178-8A5E-4065D79FA7A4}"
EndProject
Project("{2150E333-8FDC-42A3-9474-1A3956D46DE8}") = "Lab4", "Lab4", "{61E9C6B8-A1B3-4284-8525-980826599EE9}"
EndProject
Project("{FAE04EC0-301F-11D3-BF4B-00C04F79EFBC}") = "ClassLib", "Lab4\ClassLib\ClassLib.csproj", "{CB08D473-6643-409E-8B1E-327AA968C696}"
EndProject
Project("{FAE04EC0-301F-11D3-BF4B-00C04F79EFBC}") = "App", "Lab4\App\R_Davydchuk.csproj", "{D49E5447-CBFE-4B8A-909F-440364DC2F24}"
EndProject
Project("{2150E333-8FDC-42A3-9474-1A3956D46DE8}") = "Lab5", "Lab5", "{3ABE1608-41CC-4E84-8173-2B42B1BBADAB}"
EndProject
Project("{FAE04EC0-301F-11D3-BF4B-00C04F79EFBC}") = "App", "Lab5\App\App.csproj", "{32A9D28C-1965-4A06-AEB2-DBF4686E19DB}"
EndProject
Project("{FAE04EC0-301F-11D3-BF4B-00C04F79EFBC}") = "ClassLib", "Lab5\ClassLib\ClassLib.csproj", "{7ED17925-40E6-4DEC-88F7-E45CC698A1AC}"
EndProject
Project("{2150E333-8FDC-42A3-9474-1A3956D46DE8}") = "Lab6", "Lab6", "{8E051560-E466-4105-A798-B0A85FF03FE5}"
EndProject
Project("{FAE04EC0-301F-11D3-BF4B-00C04F79EFBC}") = "App.Models", "Lab6\App.Models\App.Models.csproj", "{82B62BAD-3A9C-497A-9FEE-5B0885549B2B}"
EndProject
Project("{FAE04EC0-301F-11D3-BF4B-00C04F79EFBC}") = "App", "Lab6\App\App.csproj", "{61112E97-9F7B-4D22-A9C9-2B879D228DC0}"
EndProject
Project("{FAE04EC0-301F-11D3-BF4B-00C04F79EFBC}") = "App.Postgres", "Lab6\App.Postgres\App.Postgres.csproj", "{84C9B5D6-DE00-4363-8D34-1CD7DAE9D069}"
EndProject
Project("{FAE04EC0-301F-11D3-BF4B-00C04F79EFBC}") = "App.Sqlite", "Lab6\App.Sqlite\App.Sqlite.csproj", "{F5032BEA-DDC1-4D1B-BA72-8D9C5E68AC6A}"
EndProject
Project("{FAE04EC0-301F-11D3-BF4B-00C04F79EFBC}") = "App.SqlServer", "Lab6\App.SqlServer\App.SqlServer.csproj", "{FE7BBBB2-A42D-4638-890E-87444197CED9}"
EndProject
Global
	GlobalSection(SolutionConfigurationPlatforms) = preSolution
		Debug|Any CPU = Debug|Any CPU
		Release|Any CPU = Release|Any CPU
	EndGlobalSection
	GlobalSection(SolutionProperties) = preSolution
		HideSolutionNode = FALSE
	EndGlobalSection
	GlobalSection(ProjectConfigurationPlatforms) = postSolution
		{712291AF-F4C7-40AB-B095-9A3EFA2524F4}.Debug|Any CPU.ActiveCfg = Debug|Any CPU
		{712291AF-F4C7-40AB-B095-9A3EFA2524F4}.Debug|Any CPU.Build.0 = Debug|Any CPU
		{712291AF-F4C7-40AB-B095-9A3EFA2524F4}.Release|Any CPU.ActiveCfg = Release|Any CPU
		{712291AF-F4C7-40AB-B095-9A3EFA2524F4}.Release|Any CPU.Build.0 = Release|Any CPU
		{65F39D17-8274-42C7-B4B9-9F0F7F519358}.Debug|Any CPU.ActiveCfg = Debug|Any CPU
		{65F39D17-8274-42C7-B4B9-9F0F7F519358}.Debug|Any CPU.Build.0 = Debug|Any CPU
		{65F39D17-8274-42C7-B4B9-9F0F7F519358}.Release|Any CPU.ActiveCfg = Release|Any CPU
		{65F39D17-8274-42C7-B4B9-9F0F7F519358}.Release|Any CPU.Build.0 = Release|Any CPU
		{6C1AF0DE-B622-41D0-B9EF-3A142EBADD4C}.Debug|Any CPU.ActiveCfg = Debug|Any CPU
		{6C1AF0DE-B622-41D0-B9EF-3A142EBADD4C}.Debug|Any CPU.Build.0 = Debug|Any CPU
		{6C1AF0DE-B622-41D0-B9EF-3A142EBADD4C}.Release|Any CPU.ActiveCfg = Release|Any CPU
		{6C1AF0DE-B622-41D0-B9EF-3A142EBADD4C}.Release|Any CPU.Build.0 = Release|Any CPU
		{AF2402AE-E71B-4980-A66A-FD3CCC77AA41}.Debug|Any CPU.ActiveCfg = Debug|Any CPU
		{AF2402AE-E71B-4980-A66A-FD3CCC77AA41}.Debug|Any CPU.Build.0 = Debug|Any CPU
		{AF2402AE-E71B-4980-A66A-FD3CCC77AA41}.Release|Any CPU.ActiveCfg = Release|Any CPU
		{AF2402AE-E71B-4980-A66A-FD3CCC77AA41}.Release|Any CPU.Build.0 = Release|Any CPU
		{7A4F7801-61E7-4F31-BE2B-F3B97233CAB4}.Debug|Any CPU.ActiveCfg = Debug|Any CPU
		{7A4F7801-61E7-4F31-BE2B-F3B97233CAB4}.Debug|Any CPU.Build.0 = Debug|Any CPU
		{7A4F7801-61E7-4F31-BE2B-F3B97233CAB4}.Release|Any CPU.ActiveCfg = Release|Any CPU
		{7A4F7801-61E7-4F31-BE2B-F3B97233CAB4}.Release|Any CPU.Build.0 = Release|Any CPU
		{65717938-64FF-4178-8A5E-4065D79FA7A4}.Debug|Any CPU.ActiveCfg = Debug|Any CPU
		{65717938-64FF-4178-8A5E-4065D79FA7A4}.Debug|Any CPU.Build.0 = Debug|Any CPU
		{65717938-64FF-4178-8A5E-4065D79FA7A4}.Release|Any CPU.ActiveCfg = Release|Any CPU
		{65717938-64FF-4178-8A5E-4065D79FA7A4}.Release|Any CPU.Build.0 = Release|Any CPU
		{CB08D473-6643-409E-8B1E-327AA968C696}.Debug|Any CPU.ActiveCfg = Debug|Any CPU
		{CB08D473-6643-409E-8B1E-327AA968C696}.Debug|Any CPU.Build.0 = Debug|Any CPU
		{CB08D473-6643-409E-8B1E-327AA968C696}.Release|Any CPU.ActiveCfg = Release|Any CPU
		{CB08D473-6643-409E-8B1E-327AA968C696}.Release|Any CPU.Build.0 = Release|Any CPU
		{D49E5447-CBFE-4B8A-909F-440364DC2F24}.Debug|Any CPU.ActiveCfg = Debug|Any CPU
		{D49E5447-CBFE-4B8A-909F-440364DC2F24}.Debug|Any CPU.Build.0 = Debug|Any CPU
		{D49E5447-CBFE-4B8A-909F-440364DC2F24}.Release|Any CPU.ActiveCfg = Release|Any CPU
		{D49E5447-CBFE-4B8A-909F-440364DC2F24}.Release|Any CPU.Build.0 = Release|Any CPU
		{32A9D28C-1965-4A06-AEB2-DBF4686E19DB}.Debug|Any CPU.ActiveCfg = Debug|Any CPU
		{32A9D28C-1965-4A06-AEB2-DBF4686E19DB}.Debug|Any CPU.Build.0 = Debug|Any CPU
		{32A9D28C-1965-4A06-AEB2-DBF4686E19DB}.Release|Any CPU.ActiveCfg = Release|Any CPU
		{32A9D28C-1965-4A06-AEB2-DBF4686E19DB}.Release|Any CPU.Build.0 = Release|Any CPU
		{7ED17925-40E6-4DEC-88F7-E45CC698A1AC}.Debug|Any CPU.ActiveCfg = Debug|Any CPU
		{7ED17925-40E6-4DEC-88F7-E45CC698A1AC}.Debug|Any CPU.Build.0 = Debug|Any CPU
		{7ED17925-40E6-4DEC-88F7-E45CC698A1AC}.Release|Any CPU.ActiveCfg = Release|Any CPU
		{7ED17925-40E6-4DEC-88F7-E45CC698A1AC}.Release|Any CPU.Build.0 = Release|Any CPU
		{82B62BAD-3A9C-497A-9FEE-5B0885549B2B}.Debug|Any CPU.ActiveCfg = Debug|Any CPU
		{82B62BAD-3A9C-497A-9FEE-5B0885549B2B}.Debug|Any CPU.Build.0 = Debug|Any CPU
		{82B62BAD-3A9C-497A-9FEE-5B0885549B2B}.Release|Any CPU.ActiveCfg = Release|Any CPU
		{82B62BAD-3A9C-497A-9FEE-5B0885549B2B}.Release|Any CPU.Build.0 = Release|Any CPU
		{61112E97-9F7B-4D22-A9C9-2B879D228DC0}.Debug|Any CPU.ActiveCfg = Debug|Any CPU
		{61112E97-9F7B-4D22-A9C9-2B879D228DC0}.Debug|Any CPU.Build.0 = Debug|Any CPU
		{61112E97-9F7B-4D22-A9C9-2B879D228DC0}.Release|Any CPU.ActiveCfg = Release|Any CPU
		{61112E97-9F7B-4D22-A9C9-2B879D228DC0}.Release|Any CPU.Build.0 = Release|Any CPU
		{84C9B5D6-DE00-4363-8D34-1CD7DAE9D069}.Debug|Any CPU.ActiveCfg = Debug|Any CPU
		{84C9B5D6-DE00-4363-8D34-1CD7DAE9D069}.Debug|Any CPU.Build.0 = Debug|Any CPU
		{84C9B5D6-DE00-4363-8D34-1CD7DAE9D069}.Release|Any CPU.ActiveCfg = Release|Any CPU
		{84C9B5D6-DE00-4363-8D34-1CD7DAE9D069}.Release|Any CPU.Build.0 = Release|Any CPU
		{F5032BEA-DDC1-4D1B-BA72-8D9C5E68AC6A}.Debug|Any CPU.ActiveCfg = Debug|Any CPU
		{F5032BEA-DDC1-4D1B-BA72-8D9C5E68AC6A}.Debug|Any CPU.Build.0 = Debug|Any CPU
		{F5032BEA-DDC1-4D1B-BA72-8D9C5E68AC6A}.Release|Any CPU.ActiveCfg = Release|Any CPU
		{F5032BEA-DDC1-4D1B-BA72-8D9C5E68AC6A}.Release|Any CPU.Build.0 = Release|Any CPU
		{FE7BBBB2-A42D-4638-890E-87444197CED9}.Debug|Any CPU.ActiveCfg = Debug|Any CPU
		{FE7BBBB2-A42D-4638-890E-87444197CED9}.Debug|Any CPU.Build.0 = Debug|Any CPU
		{FE7BBBB2-A42D-4638-890E-87444197CED9}.Release|Any CPU.ActiveCfg = Release|Any CPU
		{FE7BBBB2-A42D-4638-890E-87444197CED9}.Release|Any CPU.Build.0 = Release|Any CPU
	EndGlobalSection
	GlobalSection(NestedProjects) = preSolution
		{712291AF-F4C7-40AB-B095-9A3EFA2524F4} = {D67E91EF-C9B4-4806-B0CB-F39E7CD49363}
		{65F39D17-8274-42C7-B4B9-9F0F7F519358} = {D67E91EF-C9B4-4806-B0CB-F39E7CD49363}
		{6C1AF0DE-B622-41D0-B9EF-3A142EBADD4C} = {F0123E5A-649C-4DF1-9C95-4FDA47E6D9E1}
		{AF2402AE-E71B-4980-A66A-FD3CCC77AA41} = {F0123E5A-649C-4DF1-9C95-4FDA47E6D9E1}
		{7A4F7801-61E7-4F31-BE2B-F3B97233CAB4} = {46ABCCD3-B7FF-4EFA-8383-AE68F36F9226}
		{65717938-64FF-4178-8A5E-4065D79FA7A4} = {46ABCCD3-B7FF-4EFA-8383-AE68F36F9226}
		{CB08D473-6643-409E-8B1E-327AA968C696} = {61E9C6B8-A1B3-4284-8525-980826599EE9}
		{D49E5447-CBFE-4B8A-909F-440364DC2F24} = {61E9C6B8-A1B3-4284-8525-980826599EE9}
		{32A9D28C-1965-4A06-AEB2-DBF4686E19DB} = {3ABE1608-41CC-4E84-8173-2B42B1BBADAB}
		{7ED17925-40E6-4DEC-88F7-E45CC698A1AC} = {3ABE1608-41CC-4E84-8173-2B42B1BBADAB}
		{82B62BAD-3A9C-497A-9FEE-5B0885549B2B} = {8E051560-E466-4105-A798-B0A85FF03FE5}
		{61112E97-9F7B-4D22-A9C9-2B879D228DC0} = {8E051560-E466-4105-A798-B0A85FF03FE5}
		{84C9B5D6-DE00-4363-8D34-1CD7DAE9D069} = {8E051560-E466-4105-A798-B0A85FF03FE5}
		{F5032BEA-DDC1-4D1B-BA72-8D9C5E68AC6A} = {8E051560-E466-4105-A798-B0A85FF03FE5}
		{FE7BBBB2-A42D-4638-890E-87444197CED9} = {8E051560-E466-4105-A798-B0A85FF03FE5}
	EndGlobalSection
EndGlobal
